// !$*UTF8*$!
{
	archiveVersion = 1;
	classes = {
	};
	objectVersion = 50;
	objects = {

/* Begin PBXBuildFile section */
		4025A21A242A59630092B17F /* YYVolPainter.m in Sources */ = {isa = PBXBuildFile; fileRef = 4025A219242A59630092B17F /* YYVolPainter.m */; };
		4025A221242A67270092B17F /* YYMACDPainter.m in Sources */ = {isa = PBXBuildFile; fileRef = 4025A220242A67270092B17F /* YYMACDPainter.m */; };
		4025A225242B2FE10092B17F /* YYKDJPainter.m in Sources */ = {isa = PBXBuildFile; fileRef = 4025A224242B2FE10092B17F /* YYKDJPainter.m */; };
		4025A229242B326C0092B17F /* YYVerticalTextPainter.m in Sources */ = {isa = PBXBuildFile; fileRef = 4025A228242B326C0092B17F /* YYVerticalTextPainter.m */; };
		40A9FAD22424DF5E006DF1DE /* YYCandlePainter.m in Sources */ = {isa = PBXBuildFile; fileRef = 40A9FAD12424DF5E006DF1DE /* YYCandlePainter.m */; };
		40B221EE2428FB9F0083EB7D /* YYMinMaxModel.m in Sources */ = {isa = PBXBuildFile; fileRef = 40B221ED2428FB9F0083EB7D /* YYMinMaxModel.m */; };
		40B221F1242A4DF60083EB7D /* YYMAPainter.m in Sources */ = {isa = PBXBuildFile; fileRef = 40B221F0242A4DF60083EB7D /* YYMAPainter.m */; };
		40B7E5EC2422231700F1F180 /* AppDelegate.m in Sources */ = {isa = PBXBuildFile; fileRef = 40B7E5EB2422231700F1F180 /* AppDelegate.m */; };
		40B7E5F22422231700F1F180 /* ViewController.m in Sources */ = {isa = PBXBuildFile; fileRef = 40B7E5F12422231700F1F180 /* ViewController.m */; };
		40B7E5F52422231700F1F180 /* Main.storyboard in Resources */ = {isa = PBXBuildFile; fileRef = 40B7E5F32422231700F1F180 /* Main.storyboard */; };
		40B7E5F72422231C00F1F180 /* Assets.xcassets in Resources */ = {isa = PBXBuildFile; fileRef = 40B7E5F62422231C00F1F180 /* Assets.xcassets */; };
		40B7E5FA2422231C00F1F180 /* LaunchScreen.storyboard in Resources */ = {isa = PBXBuildFile; fileRef = 40B7E5F82422231C00F1F180 /* LaunchScreen.storyboard */; };
		40B7E5FD2422231C00F1F180 /* main.m in Sources */ = {isa = PBXBuildFile; fileRef = 40B7E5FC2422231C00F1F180 /* main.m */; };
		40B7E6842422239D00F1F180 /* NetWorking.m in Sources */ = {isa = PBXBuildFile; fileRef = 40B7E6052422239C00F1F180 /* NetWorking.m */; };
		40B7E6852422239D00F1F180 /* NSLayoutConstraint+MASDebugAdditions.m in Sources */ = {isa = PBXBuildFile; fileRef = 40B7E6092422239C00F1F180 /* NSLayoutConstraint+MASDebugAdditions.m */; };
		40B7E6862422239D00F1F180 /* ViewController+MASAdditions.m in Sources */ = {isa = PBXBuildFile; fileRef = 40B7E6122422239C00F1F180 /* ViewController+MASAdditions.m */; };
		40B7E6872422239D00F1F180 /* MASCompositeConstraint.m in Sources */ = {isa = PBXBuildFile; fileRef = 40B7E6162422239C00F1F180 /* MASCompositeConstraint.m */; };
		40B7E6882422239D00F1F180 /* MASConstraintMaker.m in Sources */ = {isa = PBXBuildFile; fileRef = 40B7E6172422239C00F1F180 /* MASConstraintMaker.m */; };
		40B7E6892422239D00F1F180 /* MASLayoutConstraint.m in Sources */ = {isa = PBXBuildFile; fileRef = 40B7E6182422239C00F1F180 /* MASLayoutConstraint.m */; };
		40B7E68A2422239D00F1F180 /* NSArray+MASAdditions.m in Sources */ = {isa = PBXBuildFile; fileRef = 40B7E6192422239C00F1F180 /* NSArray+MASAdditions.m */; };
		40B7E68B2422239D00F1F180 /* View+MASAdditions.m in Sources */ = {isa = PBXBuildFile; fileRef = 40B7E61A2422239C00F1F180 /* View+MASAdditions.m */; };
		40B7E68C2422239D00F1F180 /* MASConstraint.m in Sources */ = {isa = PBXBuildFile; fileRef = 40B7E61D2422239C00F1F180 /* MASConstraint.m */; };
		40B7E68D2422239D00F1F180 /* MASViewConstraint.m in Sources */ = {isa = PBXBuildFile; fileRef = 40B7E61F2422239C00F1F180 /* MASViewConstraint.m */; };
		40B7E68E2422239D00F1F180 /* MASViewAttribute.m in Sources */ = {isa = PBXBuildFile; fileRef = 40B7E6202422239C00F1F180 /* MASViewAttribute.m */; };
		40B7E6992422239D00F1F180 /* AFURLResponseSerialization.m in Sources */ = {isa = PBXBuildFile; fileRef = 40B7E63D2422239C00F1F180 /* AFURLResponseSerialization.m */; };
		40B7E69A2422239D00F1F180 /* AFHTTPSessionManager.m in Sources */ = {isa = PBXBuildFile; fileRef = 40B7E63E2422239C00F1F180 /* AFHTTPSessionManager.m */; };
		40B7E69B2422239D00F1F180 /* AFURLSessionManager.m in Sources */ = {isa = PBXBuildFile; fileRef = 40B7E6402422239C00F1F180 /* AFURLSessionManager.m */; };
		40B7E69C2422239D00F1F180 /* AFURLRequestSerialization.m in Sources */ = {isa = PBXBuildFile; fileRef = 40B7E6412422239C00F1F180 /* AFURLRequestSerialization.m */; };
		40B7E69D2422239D00F1F180 /* AFNetworkReachabilityManager.m in Sources */ = {isa = PBXBuildFile; fileRef = 40B7E6432422239C00F1F180 /* AFNetworkReachabilityManager.m */; };
		40B7E69E2422239D00F1F180 /* AFSecurityPolicy.m in Sources */ = {isa = PBXBuildFile; fileRef = 40B7E6442422239C00F1F180 /* AFSecurityPolicy.m */; };
		40B7E69F2422239D00F1F180 /* Y_StockChartGlobalVariable.m in Sources */ = {isa = PBXBuildFile; fileRef = 40B7E64B2422239C00F1F180 /* Y_StockChartGlobalVariable.m */; };
		40B7E6A02422239D00F1F180 /* UIColor+Y_StockChart.m in Sources */ = {isa = PBXBuildFile; fileRef = 40B7E6502422239C00F1F180 /* UIColor+Y_StockChart.m */; };
		40B7E6A12422239D00F1F180 /* Y_StockChartView.m in Sources */ = {isa = PBXBuildFile; fileRef = 40B7E6512422239C00F1F180 /* Y_StockChartView.m */; };
		40B7E6A32422239D00F1F180 /* Y_KLineView.m in Sources */ = {isa = PBXBuildFile; fileRef = 40B7E6562422239C00F1F180 /* Y_KLineView.m */; };
		40B7E6AB2422239D00F1F180 /* Y_KLineRootModel.m in Sources */ = {isa = PBXBuildFile; fileRef = 40B7E66E2422239C00F1F180 /* Y_KLineRootModel.m */; };
		40B7E6B22422239D00F1F180 /* Y_StockChartSegmentView.m in Sources */ = {isa = PBXBuildFile; fileRef = 40B7E6802422239D00F1F180 /* Y_StockChartSegmentView.m */; };
		40B7E6B32422239D00F1F180 /* Y_StockChartViewController.m in Sources */ = {isa = PBXBuildFile; fileRef = 40B7E6822422239D00F1F180 /* Y_StockChartViewController.m */; };
		40B7E6BD24226A1D00F1F180 /* YYKlineModel.m in Sources */ = {isa = PBXBuildFile; fileRef = 40B7E6BC24226A1D00F1F180 /* YYKlineModel.m */; };
		40C54192242B5A2900F5370A /* YYTimePainter.m in Sources */ = {isa = PBXBuildFile; fileRef = 40C54191242B5A2900F5370A /* YYTimePainter.m */; };
		40D7106A24323AC000D5D1C9 /* YYRSIPainter.m in Sources */ = {isa = PBXBuildFile; fileRef = 40D7106924323AC000D5D1C9 /* YYRSIPainter.m */; };
		40D7106D24323AC900D5D1C9 /* YYWRPainter.m in Sources */ = {isa = PBXBuildFile; fileRef = 40D7106C24323AC900D5D1C9 /* YYWRPainter.m */; };
		40D7107224323D5900D5D1C9 /* YYBOLLPainter.m in Sources */ = {isa = PBXBuildFile; fileRef = 40D7107124323D5900D5D1C9 /* YYBOLLPainter.m */; };
		40D7107524323D6300D5D1C9 /* YYEMAPainter.m in Sources */ = {isa = PBXBuildFile; fileRef = 40D7107424323D6300D5D1C9 /* YYEMAPainter.m */; };
		40D710792432467300D5D1C9 /* YYTimelinePainter.m in Sources */ = {isa = PBXBuildFile; fileRef = 40D710782432467300D5D1C9 /* YYTimelinePainter.m */; };
		40D7107C24324F5200D5D1C9 /* YYIndicatorModel.m in Sources */ = {isa = PBXBuildFile; fileRef = 40D7107B24324F5200D5D1C9 /* YYIndicatorModel.m */; };
/* End PBXBuildFile section */

/* Begin PBXFileReference section */
		4025A218242A59630092B17F /* YYVolPainter.h */ = {isa = PBXFileReference; lastKnownFileType = sourcecode.c.h; path = YYVolPainter.h; sourceTree = "<group>"; };
		4025A219242A59630092B17F /* YYVolPainter.m */ = {isa = PBXFileReference; lastKnownFileType = sourcecode.c.objc; path = YYVolPainter.m; sourceTree = "<group>"; };
		4025A21F242A67270092B17F /* YYMACDPainter.h */ = {isa = PBXFileReference; lastKnownFileType = sourcecode.c.h; path = YYMACDPainter.h; sourceTree = "<group>"; };
		4025A220242A67270092B17F /* YYMACDPainter.m */ = {isa = PBXFileReference; lastKnownFileType = sourcecode.c.objc; path = YYMACDPainter.m; sourceTree = "<group>"; };
		4025A223242B2FE10092B17F /* YYKDJPainter.h */ = {isa = PBXFileReference; lastKnownFileType = sourcecode.c.h; path = YYKDJPainter.h; sourceTree = "<group>"; };
		4025A224242B2FE10092B17F /* YYKDJPainter.m */ = {isa = PBXFileReference; lastKnownFileType = sourcecode.c.objc; path = YYKDJPainter.m; sourceTree = "<group>"; };
		4025A227242B326C0092B17F /* YYVerticalTextPainter.h */ = {isa = PBXFileReference; lastKnownFileType = sourcecode.c.h; path = YYVerticalTextPainter.h; sourceTree = "<group>"; };
		4025A228242B326C0092B17F /* YYVerticalTextPainter.m */ = {isa = PBXFileReference; lastKnownFileType = sourcecode.c.objc; path = YYVerticalTextPainter.m; sourceTree = "<group>"; };
		4053FFCE242CE4AC00683423 /* Y_Kline.entitlements */ = {isa = PBXFileReference; lastKnownFileType = text.plist.entitlements; path = Y_Kline.entitlements; sourceTree = "<group>"; };
		40A9FAD02424DF5E006DF1DE /* YYCandlePainter.h */ = {isa = PBXFileReference; lastKnownFileType = sourcecode.c.h; path = YYCandlePainter.h; sourceTree = "<group>"; };
		40A9FAD12424DF5E006DF1DE /* YYCandlePainter.m */ = {isa = PBXFileReference; lastKnownFileType = sourcecode.c.objc; path = YYCandlePainter.m; sourceTree = "<group>"; };
		40A9FAD32424DF74006DF1DE /* YYPainter.h */ = {isa = PBXFileReference; lastKnownFileType = sourcecode.c.h; path = YYPainter.h; sourceTree = "<group>"; };
		40B221EC2428FB9F0083EB7D /* YYMinMaxModel.h */ = {isa = PBXFileReference; lastKnownFileType = sourcecode.c.h; path = YYMinMaxModel.h; sourceTree = "<group>"; };
		40B221ED2428FB9F0083EB7D /* YYMinMaxModel.m */ = {isa = PBXFileReference; lastKnownFileType = sourcecode.c.objc; path = YYMinMaxModel.m; sourceTree = "<group>"; };
		40B221EF242A4DF60083EB7D /* YYMAPainter.h */ = {isa = PBXFileReference; lastKnownFileType = sourcecode.c.h; path = YYMAPainter.h; sourceTree = "<group>"; };
		40B221F0242A4DF60083EB7D /* YYMAPainter.m */ = {isa = PBXFileReference; lastKnownFileType = sourcecode.c.objc; path = YYMAPainter.m; sourceTree = "<group>"; };
		40B7E5E72422231700F1F180 /* Y_Kline.app */ = {isa = PBXFileReference; explicitFileType = wrapper.application; includeInIndex = 0; path = Y_Kline.app; sourceTree = BUILT_PRODUCTS_DIR; };
		40B7E5EA2422231700F1F180 /* AppDelegate.h */ = {isa = PBXFileReference; lastKnownFileType = sourcecode.c.h; path = AppDelegate.h; sourceTree = "<group>"; };
		40B7E5EB2422231700F1F180 /* AppDelegate.m */ = {isa = PBXFileReference; lastKnownFileType = sourcecode.c.objc; path = AppDelegate.m; sourceTree = "<group>"; };
		40B7E5F02422231700F1F180 /* ViewController.h */ = {isa = PBXFileReference; lastKnownFileType = sourcecode.c.h; path = ViewController.h; sourceTree = "<group>"; };
		40B7E5F12422231700F1F180 /* ViewController.m */ = {isa = PBXFileReference; lastKnownFileType = sourcecode.c.objc; path = ViewController.m; sourceTree = "<group>"; };
		40B7E5F42422231700F1F180 /* Base */ = {isa = PBXFileReference; lastKnownFileType = file.storyboard; name = Base; path = Base.lproj/Main.storyboard; sourceTree = "<group>"; };
		40B7E5F62422231C00F1F180 /* Assets.xcassets */ = {isa = PBXFileReference; lastKnownFileType = folder.assetcatalog; path = Assets.xcassets; sourceTree = "<group>"; };
		40B7E5F92422231C00F1F180 /* Base */ = {isa = PBXFileReference; lastKnownFileType = file.storyboard; name = Base; path = Base.lproj/LaunchScreen.storyboard; sourceTree = "<group>"; };
		40B7E5FB2422231C00F1F180 /* Info.plist */ = {isa = PBXFileReference; lastKnownFileType = text.plist.xml; path = Info.plist; sourceTree = "<group>"; };
		40B7E5FC2422231C00F1F180 /* main.m */ = {isa = PBXFileReference; lastKnownFileType = sourcecode.c.objc; path = main.m; sourceTree = "<group>"; };
		40B7E6052422239C00F1F180 /* NetWorking.m */ = {isa = PBXFileReference; fileEncoding = 4; lastKnownFileType = sourcecode.c.objc; path = NetWorking.m; sourceTree = "<group>"; };
		40B7E6062422239C00F1F180 /* NetWorking.h */ = {isa = PBXFileReference; fileEncoding = 4; lastKnownFileType = sourcecode.c.h; path = NetWorking.h; sourceTree = "<group>"; };
		40B7E6082422239C00F1F180 /* MASCompositeConstraint.h */ = {isa = PBXFileReference; fileEncoding = 4; lastKnownFileType = sourcecode.c.h; path = MASCompositeConstraint.h; sourceTree = "<group>"; };
		40B7E6092422239C00F1F180 /* NSLayoutConstraint+MASDebugAdditions.m */ = {isa = PBXFileReference; fileEncoding = 4; lastKnownFileType = sourcecode.c.objc; path = "NSLayoutConstraint+MASDebugAdditions.m"; sourceTree = "<group>"; };
		40B7E60A2422239C00F1F180 /* MASConstraint+Private.h */ = {isa = PBXFileReference; fileEncoding = 4; lastKnownFileType = sourcecode.c.h; path = "MASConstraint+Private.h"; sourceTree = "<group>"; };
		40B7E60B2422239C00F1F180 /* MASLayoutConstraint.h */ = {isa = PBXFileReference; fileEncoding = 4; lastKnownFileType = sourcecode.c.h; path = MASLayoutConstraint.h; sourceTree = "<group>"; };
		40B7E60C2422239C00F1F180 /* NSArray+MASShorthandAdditions.h */ = {isa = PBXFileReference; fileEncoding = 4; lastKnownFileType = sourcecode.c.h; path = "NSArray+MASShorthandAdditions.h"; sourceTree = "<group>"; };
		40B7E60D2422239C00F1F180 /* MASConstraintMaker.h */ = {isa = PBXFileReference; fileEncoding = 4; lastKnownFileType = sourcecode.c.h; path = MASConstraintMaker.h; sourceTree = "<group>"; };
		40B7E60E2422239C00F1F180 /* View+MASAdditions.h */ = {isa = PBXFileReference; fileEncoding = 4; lastKnownFileType = sourcecode.c.h; path = "View+MASAdditions.h"; sourceTree = "<group>"; };
		40B7E60F2422239C00F1F180 /* NSArray+MASAdditions.h */ = {isa = PBXFileReference; fileEncoding = 4; lastKnownFileType = sourcecode.c.h; path = "NSArray+MASAdditions.h"; sourceTree = "<group>"; };
		40B7E6102422239C00F1F180 /* MASUtilities.h */ = {isa = PBXFileReference; fileEncoding = 4; lastKnownFileType = sourcecode.c.h; path = MASUtilities.h; sourceTree = "<group>"; };
		40B7E6112422239C00F1F180 /* MASViewAttribute.h */ = {isa = PBXFileReference; fileEncoding = 4; lastKnownFileType = sourcecode.c.h; path = MASViewAttribute.h; sourceTree = "<group>"; };
		40B7E6122422239C00F1F180 /* ViewController+MASAdditions.m */ = {isa = PBXFileReference; fileEncoding = 4; lastKnownFileType = sourcecode.c.objc; path = "ViewController+MASAdditions.m"; sourceTree = "<group>"; };
		40B7E6132422239C00F1F180 /* MASViewConstraint.h */ = {isa = PBXFileReference; fileEncoding = 4; lastKnownFileType = sourcecode.c.h; path = MASViewConstraint.h; sourceTree = "<group>"; };
		40B7E6142422239C00F1F180 /* MASConstraint.h */ = {isa = PBXFileReference; fileEncoding = 4; lastKnownFileType = sourcecode.c.h; path = MASConstraint.h; sourceTree = "<group>"; };
		40B7E6152422239C00F1F180 /* NSLayoutConstraint+MASDebugAdditions.h */ = {isa = PBXFileReference; fileEncoding = 4; lastKnownFileType = sourcecode.c.h; path = "NSLayoutConstraint+MASDebugAdditions.h"; sourceTree = "<group>"; };
		40B7E6162422239C00F1F180 /* MASCompositeConstraint.m */ = {isa = PBXFileReference; fileEncoding = 4; lastKnownFileType = sourcecode.c.objc; path = MASCompositeConstraint.m; sourceTree = "<group>"; };
		40B7E6172422239C00F1F180 /* MASConstraintMaker.m */ = {isa = PBXFileReference; fileEncoding = 4; lastKnownFileType = sourcecode.c.objc; path = MASConstraintMaker.m; sourceTree = "<group>"; };
		40B7E6182422239C00F1F180 /* MASLayoutConstraint.m */ = {isa = PBXFileReference; fileEncoding = 4; lastKnownFileType = sourcecode.c.objc; path = MASLayoutConstraint.m; sourceTree = "<group>"; };
		40B7E6192422239C00F1F180 /* NSArray+MASAdditions.m */ = {isa = PBXFileReference; fileEncoding = 4; lastKnownFileType = sourcecode.c.objc; path = "NSArray+MASAdditions.m"; sourceTree = "<group>"; };
		40B7E61A2422239C00F1F180 /* View+MASAdditions.m */ = {isa = PBXFileReference; fileEncoding = 4; lastKnownFileType = sourcecode.c.objc; path = "View+MASAdditions.m"; sourceTree = "<group>"; };
		40B7E61B2422239C00F1F180 /* View+MASShorthandAdditions.h */ = {isa = PBXFileReference; fileEncoding = 4; lastKnownFileType = sourcecode.c.h; path = "View+MASShorthandAdditions.h"; sourceTree = "<group>"; };
		40B7E61C2422239C00F1F180 /* Masonry.h */ = {isa = PBXFileReference; fileEncoding = 4; lastKnownFileType = sourcecode.c.h; path = Masonry.h; sourceTree = "<group>"; };
		40B7E61D2422239C00F1F180 /* MASConstraint.m */ = {isa = PBXFileReference; fileEncoding = 4; lastKnownFileType = sourcecode.c.objc; path = MASConstraint.m; sourceTree = "<group>"; };
		40B7E61E2422239C00F1F180 /* ViewController+MASAdditions.h */ = {isa = PBXFileReference; fileEncoding = 4; lastKnownFileType = sourcecode.c.h; path = "ViewController+MASAdditions.h"; sourceTree = "<group>"; };
		40B7E61F2422239C00F1F180 /* MASViewConstraint.m */ = {isa = PBXFileReference; fileEncoding = 4; lastKnownFileType = sourcecode.c.objc; path = MASViewConstraint.m; sourceTree = "<group>"; };
		40B7E6202422239C00F1F180 /* MASViewAttribute.m */ = {isa = PBXFileReference; fileEncoding = 4; lastKnownFileType = sourcecode.c.objc; path = MASViewAttribute.m; sourceTree = "<group>"; };
		40B7E6392422239C00F1F180 /* AFSecurityPolicy.h */ = {isa = PBXFileReference; fileEncoding = 4; lastKnownFileType = sourcecode.c.h; path = AFSecurityPolicy.h; sourceTree = "<group>"; };
		40B7E63A2422239C00F1F180 /* AFNetworkReachabilityManager.h */ = {isa = PBXFileReference; fileEncoding = 4; lastKnownFileType = sourcecode.c.h; path = AFNetworkReachabilityManager.h; sourceTree = "<group>"; };
		40B7E63B2422239C00F1F180 /* AFURLSessionManager.h */ = {isa = PBXFileReference; fileEncoding = 4; lastKnownFileType = sourcecode.c.h; path = AFURLSessionManager.h; sourceTree = "<group>"; };
		40B7E63C2422239C00F1F180 /* AFURLRequestSerialization.h */ = {isa = PBXFileReference; fileEncoding = 4; lastKnownFileType = sourcecode.c.h; path = AFURLRequestSerialization.h; sourceTree = "<group>"; };
		40B7E63D2422239C00F1F180 /* AFURLResponseSerialization.m */ = {isa = PBXFileReference; fileEncoding = 4; lastKnownFileType = sourcecode.c.objc; path = AFURLResponseSerialization.m; sourceTree = "<group>"; };
		40B7E63E2422239C00F1F180 /* AFHTTPSessionManager.m */ = {isa = PBXFileReference; fileEncoding = 4; lastKnownFileType = sourcecode.c.objc; path = AFHTTPSessionManager.m; sourceTree = "<group>"; };
		40B7E63F2422239C00F1F180 /* AFURLResponseSerialization.h */ = {isa = PBXFileReference; fileEncoding = 4; lastKnownFileType = sourcecode.c.h; path = AFURLResponseSerialization.h; sourceTree = "<group>"; };
		40B7E6402422239C00F1F180 /* AFURLSessionManager.m */ = {isa = PBXFileReference; fileEncoding = 4; lastKnownFileType = sourcecode.c.objc; path = AFURLSessionManager.m; sourceTree = "<group>"; };
		40B7E6412422239C00F1F180 /* AFURLRequestSerialization.m */ = {isa = PBXFileReference; fileEncoding = 4; lastKnownFileType = sourcecode.c.objc; path = AFURLRequestSerialization.m; sourceTree = "<group>"; };
		40B7E6422422239C00F1F180 /* AFNetworking.h */ = {isa = PBXFileReference; fileEncoding = 4; lastKnownFileType = sourcecode.c.h; path = AFNetworking.h; sourceTree = "<group>"; };
		40B7E6432422239C00F1F180 /* AFNetworkReachabilityManager.m */ = {isa = PBXFileReference; fileEncoding = 4; lastKnownFileType = sourcecode.c.objc; path = AFNetworkReachabilityManager.m; sourceTree = "<group>"; };
		40B7E6442422239C00F1F180 /* AFSecurityPolicy.m */ = {isa = PBXFileReference; fileEncoding = 4; lastKnownFileType = sourcecode.c.objc; path = AFSecurityPolicy.m; sourceTree = "<group>"; };
		40B7E6452422239C00F1F180 /* AFHTTPSessionManager.h */ = {isa = PBXFileReference; fileEncoding = 4; lastKnownFileType = sourcecode.c.h; path = AFHTTPSessionManager.h; sourceTree = "<group>"; };
		40B7E6472422239C00F1F180 /* Y_StockChartView.h */ = {isa = PBXFileReference; fileEncoding = 4; lastKnownFileType = sourcecode.c.h; path = Y_StockChartView.h; sourceTree = "<group>"; };
		40B7E64A2422239C00F1F180 /* Y_StockChartGlobalVariable.h */ = {isa = PBXFileReference; fileEncoding = 4; lastKnownFileType = sourcecode.c.h; path = Y_StockChartGlobalVariable.h; sourceTree = "<group>"; };
		40B7E64B2422239C00F1F180 /* Y_StockChartGlobalVariable.m */ = {isa = PBXFileReference; fileEncoding = 4; lastKnownFileType = sourcecode.c.objc; path = Y_StockChartGlobalVariable.m; sourceTree = "<group>"; };
		40B7E64D2422239C00F1F180 /* Y_StockChartConstant.h */ = {isa = PBXFileReference; fileEncoding = 4; lastKnownFileType = sourcecode.c.h; path = Y_StockChartConstant.h; sourceTree = "<group>"; };
		40B7E64F2422239C00F1F180 /* UIColor+Y_StockChart.h */ = {isa = PBXFileReference; fileEncoding = 4; lastKnownFileType = sourcecode.c.h; path = "UIColor+Y_StockChart.h"; sourceTree = "<group>"; };
		40B7E6502422239C00F1F180 /* UIColor+Y_StockChart.m */ = {isa = PBXFileReference; fileEncoding = 4; lastKnownFileType = sourcecode.c.objc; path = "UIColor+Y_StockChart.m"; sourceTree = "<group>"; };
		40B7E6512422239C00F1F180 /* Y_StockChartView.m */ = {isa = PBXFileReference; fileEncoding = 4; lastKnownFileType = sourcecode.c.objc; path = Y_StockChartView.m; sourceTree = "<group>"; };
		40B7E6562422239C00F1F180 /* Y_KLineView.m */ = {isa = PBXFileReference; fileEncoding = 4; lastKnownFileType = sourcecode.c.objc; path = Y_KLineView.m; sourceTree = "<group>"; };
		40B7E66A2422239C00F1F180 /* Y_KLineRootModel.h */ = {isa = PBXFileReference; fileEncoding = 4; lastKnownFileType = sourcecode.c.h; path = Y_KLineRootModel.h; sourceTree = "<group>"; };
		40B7E66E2422239C00F1F180 /* Y_KLineRootModel.m */ = {isa = PBXFileReference; fileEncoding = 4; lastKnownFileType = sourcecode.c.objc; path = Y_KLineRootModel.m; sourceTree = "<group>"; };
		40B7E6702422239C00F1F180 /* Y_KLineView.h */ = {isa = PBXFileReference; fileEncoding = 4; lastKnownFileType = sourcecode.c.h; path = Y_KLineView.h; sourceTree = "<group>"; };
		40B7E6802422239D00F1F180 /* Y_StockChartSegmentView.m */ = {isa = PBXFileReference; fileEncoding = 4; lastKnownFileType = sourcecode.c.objc; path = Y_StockChartSegmentView.m; sourceTree = "<group>"; };
		40B7E6812422239D00F1F180 /* Y_StockChartSegmentView.h */ = {isa = PBXFileReference; fileEncoding = 4; lastKnownFileType = sourcecode.c.h; path = Y_StockChartSegmentView.h; sourceTree = "<group>"; };
		40B7E6822422239D00F1F180 /* Y_StockChartViewController.m */ = {isa = PBXFileReference; fileEncoding = 4; lastKnownFileType = sourcecode.c.objc; path = Y_StockChartViewController.m; sourceTree = "<group>"; };
		40B7E6832422239D00F1F180 /* Y_StockChartViewController.h */ = {isa = PBXFileReference; fileEncoding = 4; lastKnownFileType = sourcecode.c.h; path = Y_StockChartViewController.h; sourceTree = "<group>"; };
		40B7E6BB24226A1D00F1F180 /* YYKlineModel.h */ = {isa = PBXFileReference; lastKnownFileType = sourcecode.c.h; path = YYKlineModel.h; sourceTree = "<group>"; };
		40B7E6BC24226A1D00F1F180 /* YYKlineModel.m */ = {isa = PBXFileReference; lastKnownFileType = sourcecode.c.objc; path = YYKlineModel.m; sourceTree = "<group>"; };
		40C54190242B5A2900F5370A /* YYTimePainter.h */ = {isa = PBXFileReference; lastKnownFileType = sourcecode.c.h; path = YYTimePainter.h; sourceTree = "<group>"; };
		40C54191242B5A2900F5370A /* YYTimePainter.m */ = {isa = PBXFileReference; lastKnownFileType = sourcecode.c.objc; path = YYTimePainter.m; sourceTree = "<group>"; };
		40D7106824323AC000D5D1C9 /* YYRSIPainter.h */ = {isa = PBXFileReference; lastKnownFileType = sourcecode.c.h; path = YYRSIPainter.h; sourceTree = "<group>"; };
		40D7106924323AC000D5D1C9 /* YYRSIPainter.m */ = {isa = PBXFileReference; lastKnownFileType = sourcecode.c.objc; path = YYRSIPainter.m; sourceTree = "<group>"; };
		40D7106B24323AC900D5D1C9 /* YYWRPainter.h */ = {isa = PBXFileReference; lastKnownFileType = sourcecode.c.h; path = YYWRPainter.h; sourceTree = "<group>"; };
		40D7106C24323AC900D5D1C9 /* YYWRPainter.m */ = {isa = PBXFileReference; lastKnownFileType = sourcecode.c.objc; path = YYWRPainter.m; sourceTree = "<group>"; };
		40D7107024323D5900D5D1C9 /* YYBOLLPainter.h */ = {isa = PBXFileReference; lastKnownFileType = sourcecode.c.h; path = YYBOLLPainter.h; sourceTree = "<group>"; };
		40D7107124323D5900D5D1C9 /* YYBOLLPainter.m */ = {isa = PBXFileReference; lastKnownFileType = sourcecode.c.objc; path = YYBOLLPainter.m; sourceTree = "<group>"; };
		40D7107324323D6300D5D1C9 /* YYEMAPainter.h */ = {isa = PBXFileReference; lastKnownFileType = sourcecode.c.h; path = YYEMAPainter.h; sourceTree = "<group>"; };
		40D7107424323D6300D5D1C9 /* YYEMAPainter.m */ = {isa = PBXFileReference; lastKnownFileType = sourcecode.c.objc; path = YYEMAPainter.m; sourceTree = "<group>"; };
		40D710772432467300D5D1C9 /* YYTimelinePainter.h */ = {isa = PBXFileReference; lastKnownFileType = sourcecode.c.h; path = YYTimelinePainter.h; sourceTree = "<group>"; };
		40D710782432467300D5D1C9 /* YYTimelinePainter.m */ = {isa = PBXFileReference; lastKnownFileType = sourcecode.c.objc; path = YYTimelinePainter.m; sourceTree = "<group>"; };
		40D7107A24324F5200D5D1C9 /* YYIndicatorModel.h */ = {isa = PBXFileReference; lastKnownFileType = sourcecode.c.h; path = YYIndicatorModel.h; sourceTree = "<group>"; };
		40D7107B24324F5200D5D1C9 /* YYIndicatorModel.m */ = {isa = PBXFileReference; lastKnownFileType = sourcecode.c.objc; path = YYIndicatorModel.m; sourceTree = "<group>"; };
/* End PBXFileReference section */

/* Begin PBXFrameworksBuildPhase section */
		40B7E5E42422231700F1F180 /* Frameworks */ = {
			isa = PBXFrameworksBuildPhase;
			buildActionMask = 2147483647;
			files = (
			);
			runOnlyForDeploymentPostprocessing = 0;
		};
/* End PBXFrameworksBuildPhase section */

/* Begin PBXGroup section */
		4025A21B242A66A60092B17F /* YYCandle */ = {
			isa = PBXGroup;
			children = (
				40A9FAD02424DF5E006DF1DE /* YYCandlePainter.h */,
				40A9FAD12424DF5E006DF1DE /* YYCandlePainter.m */,
			);
			path = YYCandle;
			sourceTree = "<group>";
		};
		4025A21C242A66C40092B17F /* YYMA */ = {
			isa = PBXGroup;
			children = (
				40B221EF242A4DF60083EB7D /* YYMAPainter.h */,
				40B221F0242A4DF60083EB7D /* YYMAPainter.m */,
			);
			path = YYMA;
			sourceTree = "<group>";
		};
		4025A21D242A66CC0092B17F /* YYVol */ = {
			isa = PBXGroup;
			children = (
				4025A218242A59630092B17F /* YYVolPainter.h */,
				4025A219242A59630092B17F /* YYVolPainter.m */,
			);
			path = YYVol;
			sourceTree = "<group>";
		};
		4025A21E242A66D40092B17F /* YYMACD */ = {
			isa = PBXGroup;
			children = (
				4025A21F242A67270092B17F /* YYMACDPainter.h */,
				4025A220242A67270092B17F /* YYMACDPainter.m */,
			);
			path = YYMACD;
			sourceTree = "<group>";
		};
		4025A222242B2FD30092B17F /* YYKDJ */ = {
			isa = PBXGroup;
			children = (
				4025A223242B2FE10092B17F /* YYKDJPainter.h */,
				4025A224242B2FE10092B17F /* YYKDJPainter.m */,
			);
			path = YYKDJ;
			sourceTree = "<group>";
		};
		4025A226242B32440092B17F /* YYVerticalText */ = {
			isa = PBXGroup;
			children = (
				4025A227242B326C0092B17F /* YYVerticalTextPainter.h */,
				4025A228242B326C0092B17F /* YYVerticalTextPainter.m */,
			);
			path = YYVerticalText;
			sourceTree = "<group>";
		};
		40A9FACF2424DF2B006DF1DE /* Painter */ = {
			isa = PBXGroup;
			children = (
				40D710762432465800D5D1C9 /* YYTimeline */,
				40D7106F24323D2500D5D1C9 /* YYEMA */,
				40D7106E24323D1D00D5D1C9 /* YYBOLL */,
				40D7106424323A9300D5D1C9 /* YYWR */,
				40D7106324323A8600D5D1C9 /* YYRSI */,
				40C5418F242B5A0800F5370A /* YYTime */,
				4025A226242B32440092B17F /* YYVerticalText */,
				4025A222242B2FD30092B17F /* YYKDJ */,
				4025A21E242A66D40092B17F /* YYMACD */,
				4025A21D242A66CC0092B17F /* YYVol */,
				4025A21C242A66C40092B17F /* YYMA */,
				4025A21B242A66A60092B17F /* YYCandle */,
				40A9FAD32424DF74006DF1DE /* YYPainter.h */,
			);
			path = Painter;
			sourceTree = "<group>";
		};
		40B7E5DE2422231700F1F180 = {
			isa = PBXGroup;
			children = (
				40B7E5E92422231700F1F180 /* Y_Kline */,
				40B7E5E82422231700F1F180 /* Products */,
			);
			sourceTree = "<group>";
		};
		40B7E5E82422231700F1F180 /* Products */ = {
			isa = PBXGroup;
			children = (
				40B7E5E72422231700F1F180 /* Y_Kline.app */,
			);
			name = Products;
			sourceTree = "<group>";
		};
		40B7E5E92422231700F1F180 /* Y_Kline */ = {
			isa = PBXGroup;
			children = (
				4053FFCE242CE4AC00683423 /* Y_Kline.entitlements */,
				40B7E5EA2422231700F1F180 /* AppDelegate.h */,
				40B7E5EB2422231700F1F180 /* AppDelegate.m */,
				40B7E5F02422231700F1F180 /* ViewController.h */,
				40B7E5F12422231700F1F180 /* ViewController.m */,
				40B7E6462422239C00F1F180 /* Y_Kline */,
				40B7E6032422239C00F1F180 /* other */,
				40B7E6832422239D00F1F180 /* Y_StockChartViewController.h */,
				40B7E6822422239D00F1F180 /* Y_StockChartViewController.m */,
				40B7E6812422239D00F1F180 /* Y_StockChartSegmentView.h */,
				40B7E6802422239D00F1F180 /* Y_StockChartSegmentView.m */,
				40B7E6472422239C00F1F180 /* Y_StockChartView.h */,
				40B7E6512422239C00F1F180 /* Y_StockChartView.m */,
				40B7E5F32422231700F1F180 /* Main.storyboard */,
				40B7E5F62422231C00F1F180 /* Assets.xcassets */,
				40B7E5F82422231C00F1F180 /* LaunchScreen.storyboard */,
				40B7E5FB2422231C00F1F180 /* Info.plist */,
				40B7E5FC2422231C00F1F180 /* main.m */,
			);
			path = Y_Kline;
			sourceTree = "<group>";
		};
		40B7E6032422239C00F1F180 /* other */ = {
			isa = PBXGroup;
			children = (
				40B7E6042422239C00F1F180 /* NetWorking */,
				40B7E6072422239C00F1F180 /* Masonry */,
				40B7E6222422239C00F1F180 /* AFNetworking */,
			);
			path = other;
			sourceTree = "<group>";
		};
		40B7E6042422239C00F1F180 /* NetWorking */ = {
			isa = PBXGroup;
			children = (
				40B7E6062422239C00F1F180 /* NetWorking.h */,
				40B7E6052422239C00F1F180 /* NetWorking.m */,
			);
			path = NetWorking;
			sourceTree = "<group>";
		};
		40B7E6072422239C00F1F180 /* Masonry */ = {
			isa = PBXGroup;
			children = (
				40B7E6082422239C00F1F180 /* MASCompositeConstraint.h */,
				40B7E6092422239C00F1F180 /* NSLayoutConstraint+MASDebugAdditions.m */,
				40B7E60A2422239C00F1F180 /* MASConstraint+Private.h */,
				40B7E60B2422239C00F1F180 /* MASLayoutConstraint.h */,
				40B7E60C2422239C00F1F180 /* NSArray+MASShorthandAdditions.h */,
				40B7E60D2422239C00F1F180 /* MASConstraintMaker.h */,
				40B7E60E2422239C00F1F180 /* View+MASAdditions.h */,
				40B7E60F2422239C00F1F180 /* NSArray+MASAdditions.h */,
				40B7E6102422239C00F1F180 /* MASUtilities.h */,
				40B7E6112422239C00F1F180 /* MASViewAttribute.h */,
				40B7E6122422239C00F1F180 /* ViewController+MASAdditions.m */,
				40B7E6132422239C00F1F180 /* MASViewConstraint.h */,
				40B7E6142422239C00F1F180 /* MASConstraint.h */,
				40B7E6152422239C00F1F180 /* NSLayoutConstraint+MASDebugAdditions.h */,
				40B7E6162422239C00F1F180 /* MASCompositeConstraint.m */,
				40B7E6172422239C00F1F180 /* MASConstraintMaker.m */,
				40B7E6182422239C00F1F180 /* MASLayoutConstraint.m */,
				40B7E6192422239C00F1F180 /* NSArray+MASAdditions.m */,
				40B7E61A2422239C00F1F180 /* View+MASAdditions.m */,
				40B7E61B2422239C00F1F180 /* View+MASShorthandAdditions.h */,
				40B7E61C2422239C00F1F180 /* Masonry.h */,
				40B7E61D2422239C00F1F180 /* MASConstraint.m */,
				40B7E61E2422239C00F1F180 /* ViewController+MASAdditions.h */,
				40B7E61F2422239C00F1F180 /* MASViewConstraint.m */,
				40B7E6202422239C00F1F180 /* MASViewAttribute.m */,
			);
			path = Masonry;
			sourceTree = "<group>";
		};
		40B7E6222422239C00F1F180 /* AFNetworking */ = {
			isa = PBXGroup;
			children = (
				40B7E6382422239C00F1F180 /* AFNetworking */,
			);
			path = AFNetworking;
			sourceTree = "<group>";
		};
		40B7E6382422239C00F1F180 /* AFNetworking */ = {
			isa = PBXGroup;
			children = (
				40B7E6392422239C00F1F180 /* AFSecurityPolicy.h */,
				40B7E63A2422239C00F1F180 /* AFNetworkReachabilityManager.h */,
				40B7E63B2422239C00F1F180 /* AFURLSessionManager.h */,
				40B7E63C2422239C00F1F180 /* AFURLRequestSerialization.h */,
				40B7E63D2422239C00F1F180 /* AFURLResponseSerialization.m */,
				40B7E63E2422239C00F1F180 /* AFHTTPSessionManager.m */,
				40B7E63F2422239C00F1F180 /* AFURLResponseSerialization.h */,
				40B7E6402422239C00F1F180 /* AFURLSessionManager.m */,
				40B7E6412422239C00F1F180 /* AFURLRequestSerialization.m */,
				40B7E6422422239C00F1F180 /* AFNetworking.h */,
				40B7E6432422239C00F1F180 /* AFNetworkReachabilityManager.m */,
				40B7E6442422239C00F1F180 /* AFSecurityPolicy.m */,
				40B7E6452422239C00F1F180 /* AFHTTPSessionManager.h */,
			);
			path = AFNetworking;
			sourceTree = "<group>";
		};
		40B7E6462422239C00F1F180 /* Y_Kline */ = {
			isa = PBXGroup;
			children = (
				40B7E6482422239C00F1F180 /* Config */,
				40A9FACF2424DF2B006DF1DE /* Painter */,
				40B7E6B82422682900F1F180 /* Model */,
				40B7E6702422239C00F1F180 /* Y_KLineView.h */,
				40B7E6562422239C00F1F180 /* Y_KLineView.m */,
			);
			path = Y_Kline;
			sourceTree = "<group>";
		};
		40B7E6482422239C00F1F180 /* Config */ = {
			isa = PBXGroup;
			children = (
				40B7E6492422239C00F1F180 /* Variable */,
				40B7E64C2422239C00F1F180 /* Constant */,
				40B7E64E2422239C00F1F180 /* Theme */,
			);
			path = Config;
			sourceTree = "<group>";
		};
		40B7E6492422239C00F1F180 /* Variable */ = {
			isa = PBXGroup;
			children = (
				40B7E64A2422239C00F1F180 /* Y_StockChartGlobalVariable.h */,
				40B7E64B2422239C00F1F180 /* Y_StockChartGlobalVariable.m */,
			);
			path = Variable;
			sourceTree = "<group>";
		};
		40B7E64C2422239C00F1F180 /* Constant */ = {
			isa = PBXGroup;
			children = (
				40B7E64D2422239C00F1F180 /* Y_StockChartConstant.h */,
			);
			path = Constant;
			sourceTree = "<group>";
		};
		40B7E64E2422239C00F1F180 /* Theme */ = {
			isa = PBXGroup;
			children = (
				40B7E64F2422239C00F1F180 /* UIColor+Y_StockChart.h */,
				40B7E6502422239C00F1F180 /* UIColor+Y_StockChart.m */,
			);
			path = Theme;
			sourceTree = "<group>";
		};
		40B7E6B82422682900F1F180 /* Model */ = {
			isa = PBXGroup;
			children = (
				40D7107A24324F5200D5D1C9 /* YYIndicatorModel.h */,
				40D7107B24324F5200D5D1C9 /* YYIndicatorModel.m */,
				40B7E6BB24226A1D00F1F180 /* YYKlineModel.h */,
				40B7E6BC24226A1D00F1F180 /* YYKlineModel.m */,
				40B221EC2428FB9F0083EB7D /* YYMinMaxModel.h */,
				40B221ED2428FB9F0083EB7D /* YYMinMaxModel.m */,
				40B7E66A2422239C00F1F180 /* Y_KLineRootModel.h */,
				40B7E66E2422239C00F1F180 /* Y_KLineRootModel.m */,
			);
			path = Model;
			sourceTree = "<group>";
		};
		40C5418F242B5A0800F5370A /* YYTime */ = {
			isa = PBXGroup;
			children = (
				40C54190242B5A2900F5370A /* YYTimePainter.h */,
				40C54191242B5A2900F5370A /* YYTimePainter.m */,
			);
			path = YYTime;
			sourceTree = "<group>";
		};
		40D7106324323A8600D5D1C9 /* YYRSI */ = {
			isa = PBXGroup;
			children = (
				40D7106824323AC000D5D1C9 /* YYRSIPainter.h */,
				40D7106924323AC000D5D1C9 /* YYRSIPainter.m */,
			);
			path = YYRSI;
			sourceTree = "<group>";
		};
		40D7106424323A9300D5D1C9 /* YYWR */ = {
			isa = PBXGroup;
			children = (
				40D7106B24323AC900D5D1C9 /* YYWRPainter.h */,
				40D7106C24323AC900D5D1C9 /* YYWRPainter.m */,
			);
			path = YYWR;
			sourceTree = "<group>";
		};
		40D7106E24323D1D00D5D1C9 /* YYBOLL */ = {
			isa = PBXGroup;
			children = (
				40D7107024323D5900D5D1C9 /* YYBOLLPainter.h */,
				40D7107124323D5900D5D1C9 /* YYBOLLPainter.m */,
			);
			path = YYBOLL;
			sourceTree = "<group>";
		};
		40D7106F24323D2500D5D1C9 /* YYEMA */ = {
			isa = PBXGroup;
			children = (
				40D7107324323D6300D5D1C9 /* YYEMAPainter.h */,
				40D7107424323D6300D5D1C9 /* YYEMAPainter.m */,
			);
			path = YYEMA;
			sourceTree = "<group>";
		};
		40D710762432465800D5D1C9 /* YYTimeline */ = {
			isa = PBXGroup;
			children = (
				40D710772432467300D5D1C9 /* YYTimelinePainter.h */,
				40D710782432467300D5D1C9 /* YYTimelinePainter.m */,
			);
			path = YYTimeline;
			sourceTree = "<group>";
		};
/* End PBXGroup section */

/* Begin PBXNativeTarget section */
		40B7E5E62422231700F1F180 /* Y_Kline */ = {
			isa = PBXNativeTarget;
			buildConfigurationList = 40B7E6002422231C00F1F180 /* Build configuration list for PBXNativeTarget "Y_Kline" */;
			buildPhases = (
				40B7E5E32422231700F1F180 /* Sources */,
				40B7E5E42422231700F1F180 /* Frameworks */,
				40B7E5E52422231700F1F180 /* Resources */,
			);
			buildRules = (
			);
			dependencies = (
			);
			name = Y_Kline;
			productName = Y_Kline;
			productReference = 40B7E5E72422231700F1F180 /* Y_Kline.app */;
			productType = "com.apple.product-type.application";
		};
/* End PBXNativeTarget section */

/* Begin PBXProject section */
		40B7E5DF2422231700F1F180 /* Project object */ = {
			isa = PBXProject;
			attributes = {
				LastUpgradeCheck = 1130;
				ORGANIZATIONNAME = WillkYang;
				TargetAttributes = {
					40B7E5E62422231700F1F180 = {
						CreatedOnToolsVersion = 11.3;
					};
				};
			};
			buildConfigurationList = 40B7E5E22422231700F1F180 /* Build configuration list for PBXProject "Y_Kline" */;
			compatibilityVersion = "Xcode 9.3";
			developmentRegion = en;
			hasScannedForEncodings = 0;
			knownRegions = (
				en,
				Base,
			);
			mainGroup = 40B7E5DE2422231700F1F180;
			productRefGroup = 40B7E5E82422231700F1F180 /* Products */;
			projectDirPath = "";
			projectRoot = "";
			targets = (
				40B7E5E62422231700F1F180 /* Y_Kline */,
			);
		};
/* End PBXProject section */

/* Begin PBXResourcesBuildPhase section */
		40B7E5E52422231700F1F180 /* Resources */ = {
			isa = PBXResourcesBuildPhase;
			buildActionMask = 2147483647;
			files = (
				40B7E5FA2422231C00F1F180 /* LaunchScreen.storyboard in Resources */,
				40B7E5F72422231C00F1F180 /* Assets.xcassets in Resources */,
				40B7E5F52422231700F1F180 /* Main.storyboard in Resources */,
			);
			runOnlyForDeploymentPostprocessing = 0;
		};
/* End PBXResourcesBuildPhase section */

/* Begin PBXSourcesBuildPhase section */
		40B7E5E32422231700F1F180 /* Sources */ = {
			isa = PBXSourcesBuildPhase;
			buildActionMask = 2147483647;
			files = (
				4025A221242A67270092B17F /* YYMACDPainter.m in Sources */,
				40B7E6AB2422239D00F1F180 /* Y_KLineRootModel.m in Sources */,
				40B7E5F22422231700F1F180 /* ViewController.m in Sources */,
				40B7E5EC2422231700F1F180 /* AppDelegate.m in Sources */,
				40B7E6892422239D00F1F180 /* MASLayoutConstraint.m in Sources */,
				40B7E5FD2422231C00F1F180 /* main.m in Sources */,
				40B7E6842422239D00F1F180 /* NetWorking.m in Sources */,
				40A9FAD22424DF5E006DF1DE /* YYCandlePainter.m in Sources */,
				40B7E6A02422239D00F1F180 /* UIColor+Y_StockChart.m in Sources */,
				4025A21A242A59630092B17F /* YYVolPainter.m in Sources */,
				40B7E6B22422239D00F1F180 /* Y_StockChartSegmentView.m in Sources */,
				40B221F1242A4DF60083EB7D /* YYMAPainter.m in Sources */,
				40C54192242B5A2900F5370A /* YYTimePainter.m in Sources */,
				40B7E68E2422239D00F1F180 /* MASViewAttribute.m in Sources */,
				40B7E6BD24226A1D00F1F180 /* YYKlineModel.m in Sources */,
				40D7107524323D6300D5D1C9 /* YYEMAPainter.m in Sources */,
				40B7E6B32422239D00F1F180 /* Y_StockChartViewController.m in Sources */,
				40B7E6A32422239D00F1F180 /* Y_KLineView.m in Sources */,
				40B7E68A2422239D00F1F180 /* NSArray+MASAdditions.m in Sources */,
				40B7E6992422239D00F1F180 /* AFURLResponseSerialization.m in Sources */,
				40B221EE2428FB9F0083EB7D /* YYMinMaxModel.m in Sources */,
				40B7E6872422239D00F1F180 /* MASCompositeConstraint.m in Sources */,
				40B7E69E2422239D00F1F180 /* AFSecurityPolicy.m in Sources */,
				4025A225242B2FE10092B17F /* YYKDJPainter.m in Sources */,
				40B7E6882422239D00F1F180 /* MASConstraintMaker.m in Sources */,
				40B7E68B2422239D00F1F180 /* View+MASAdditions.m in Sources */,
				40B7E69D2422239D00F1F180 /* AFNetworkReachabilityManager.m in Sources */,
				40B7E6A12422239D00F1F180 /* Y_StockChartView.m in Sources */,
				40B7E69B2422239D00F1F180 /* AFURLSessionManager.m in Sources */,
				40B7E69C2422239D00F1F180 /* AFURLRequestSerialization.m in Sources */,
				40D7106D24323AC900D5D1C9 /* YYWRPainter.m in Sources */,
				40B7E6862422239D00F1F180 /* ViewController+MASAdditions.m in Sources */,
				40D710792432467300D5D1C9 /* YYTimelinePainter.m in Sources */,
				4025A229242B326C0092B17F /* YYVerticalTextPainter.m in Sources */,
				40D7107C24324F5200D5D1C9 /* YYIndicatorModel.m in Sources */,
				40D7106A24323AC000D5D1C9 /* YYRSIPainter.m in Sources */,
				40B7E68D2422239D00F1F180 /* MASViewConstraint.m in Sources */,
				40B7E6852422239D00F1F180 /* NSLayoutConstraint+MASDebugAdditions.m in Sources */,
				40D7107224323D5900D5D1C9 /* YYBOLLPainter.m in Sources */,
				40B7E68C2422239D00F1F180 /* MASConstraint.m in Sources */,
				40B7E69F2422239D00F1F180 /* Y_StockChartGlobalVariable.m in Sources */,
				40B7E69A2422239D00F1F180 /* AFHTTPSessionManager.m in Sources */,
			);
			runOnlyForDeploymentPostprocessing = 0;
		};
/* End PBXSourcesBuildPhase section */

/* Begin PBXVariantGroup section */
		40B7E5F32422231700F1F180 /* Main.storyboard */ = {
			isa = PBXVariantGroup;
			children = (
				40B7E5F42422231700F1F180 /* Base */,
			);
			name = Main.storyboard;
			sourceTree = "<group>";
		};
		40B7E5F82422231C00F1F180 /* LaunchScreen.storyboard */ = {
			isa = PBXVariantGroup;
			children = (
				40B7E5F92422231C00F1F180 /* Base */,
			);
			name = LaunchScreen.storyboard;
			sourceTree = "<group>";
		};
/* End PBXVariantGroup section */

/* Begin XCBuildConfiguration section */
		40B7E5FE2422231C00F1F180 /* Debug */ = {
			isa = XCBuildConfiguration;
			buildSettings = {
				ALWAYS_SEARCH_USER_PATHS = NO;
				CLANG_ANALYZER_NONNULL = YES;
				CLANG_ANALYZER_NUMBER_OBJECT_CONVERSION = YES_AGGRESSIVE;
				CLANG_CXX_LANGUAGE_STANDARD = "gnu++14";
				CLANG_CXX_LIBRARY = "libc++";
				CLANG_ENABLE_MODULES = YES;
				CLANG_ENABLE_OBJC_ARC = YES;
				CLANG_ENABLE_OBJC_WEAK = YES;
				CLANG_WARN_BLOCK_CAPTURE_AUTORELEASING = YES;
				CLANG_WARN_BOOL_CONVERSION = YES;
				CLANG_WARN_COMMA = YES;
				CLANG_WARN_CONSTANT_CONVERSION = YES;
				CLANG_WARN_DEPRECATED_OBJC_IMPLEMENTATIONS = YES;
				CLANG_WARN_DIRECT_OBJC_ISA_USAGE = YES_ERROR;
				CLANG_WARN_DOCUMENTATION_COMMENTS = YES;
				CLANG_WARN_EMPTY_BODY = YES;
				CLANG_WARN_ENUM_CONVERSION = YES;
				CLANG_WARN_INFINITE_RECURSION = YES;
				CLANG_WARN_INT_CONVERSION = YES;
				CLANG_WARN_NON_LITERAL_NULL_CONVERSION = YES;
				CLANG_WARN_OBJC_IMPLICIT_RETAIN_SELF = YES;
				CLANG_WARN_OBJC_LITERAL_CONVERSION = YES;
				CLANG_WARN_OBJC_ROOT_CLASS = YES_ERROR;
				CLANG_WARN_RANGE_LOOP_ANALYSIS = YES;
				CLANG_WARN_STRICT_PROTOTYPES = YES;
				CLANG_WARN_SUSPICIOUS_MOVE = YES;
				CLANG_WARN_UNGUARDED_AVAILABILITY = YES_AGGRESSIVE;
				CLANG_WARN_UNREACHABLE_CODE = YES;
				CLANG_WARN__DUPLICATE_METHOD_MATCH = YES;
				COPY_PHASE_STRIP = NO;
				DEBUG_INFORMATION_FORMAT = dwarf;
				ENABLE_STRICT_OBJC_MSGSEND = YES;
				ENABLE_TESTABILITY = YES;
				GCC_C_LANGUAGE_STANDARD = gnu11;
				GCC_DYNAMIC_NO_PIC = NO;
				GCC_NO_COMMON_BLOCKS = YES;
				GCC_OPTIMIZATION_LEVEL = 0;
				GCC_PREPROCESSOR_DEFINITIONS = (
					"DEBUG=1",
					"$(inherited)",
				);
				GCC_WARN_64_TO_32_BIT_CONVERSION = YES;
				GCC_WARN_ABOUT_RETURN_TYPE = YES_ERROR;
				GCC_WARN_UNDECLARED_SELECTOR = YES;
				GCC_WARN_UNINITIALIZED_AUTOS = YES_AGGRESSIVE;
				GCC_WARN_UNUSED_FUNCTION = YES;
				GCC_WARN_UNUSED_VARIABLE = YES;
				IPHONEOS_DEPLOYMENT_TARGET = 13.2;
				MTL_ENABLE_DEBUG_INFO = INCLUDE_SOURCE;
				MTL_FAST_MATH = YES;
				ONLY_ACTIVE_ARCH = YES;
				SDKROOT = iphoneos;
			};
			name = Debug;
		};
		40B7E5FF2422231C00F1F180 /* Release */ = {
			isa = XCBuildConfiguration;
			buildSettings = {
				ALWAYS_SEARCH_USER_PATHS = NO;
				CLANG_ANALYZER_NONNULL = YES;
				CLANG_ANALYZER_NUMBER_OBJECT_CONVERSION = YES_AGGRESSIVE;
				CLANG_CXX_LANGUAGE_STANDARD = "gnu++14";
				CLANG_CXX_LIBRARY = "libc++";
				CLANG_ENABLE_MODULES = YES;
				CLANG_ENABLE_OBJC_ARC = YES;
				CLANG_ENABLE_OBJC_WEAK = YES;
				CLANG_WARN_BLOCK_CAPTURE_AUTORELEASING = YES;
				CLANG_WARN_BOOL_CONVERSION = YES;
				CLANG_WARN_COMMA = YES;
				CLANG_WARN_CONSTANT_CONVERSION = YES;
				CLANG_WARN_DEPRECATED_OBJC_IMPLEMENTATIONS = YES;
				CLANG_WARN_DIRECT_OBJC_ISA_USAGE = YES_ERROR;
				CLANG_WARN_DOCUMENTATION_COMMENTS = YES;
				CLANG_WARN_EMPTY_BODY = YES;
				CLANG_WARN_ENUM_CONVERSION = YES;
				CLANG_WARN_INFINITE_RECURSION = YES;
				CLANG_WARN_INT_CONVERSION = YES;
				CLANG_WARN_NON_LITERAL_NULL_CONVERSION = YES;
				CLANG_WARN_OBJC_IMPLICIT_RETAIN_SELF = YES;
				CLANG_WARN_OBJC_LITERAL_CONVERSION = YES;
				CLANG_WARN_OBJC_ROOT_CLASS = YES_ERROR;
				CLANG_WARN_RANGE_LOOP_ANALYSIS = YES;
				CLANG_WARN_STRICT_PROTOTYPES = YES;
				CLANG_WARN_SUSPICIOUS_MOVE = YES;
				CLANG_WARN_UNGUARDED_AVAILABILITY = YES_AGGRESSIVE;
				CLANG_WARN_UNREACHABLE_CODE = YES;
				CLANG_WARN__DUPLICATE_METHOD_MATCH = YES;
				COPY_PHASE_STRIP = NO;
				DEBUG_INFORMATION_FORMAT = "dwarf-with-dsym";
				ENABLE_NS_ASSERTIONS = NO;
				ENABLE_STRICT_OBJC_MSGSEND = YES;
				GCC_C_LANGUAGE_STANDARD = gnu11;
				GCC_NO_COMMON_BLOCKS = YES;
				GCC_WARN_64_TO_32_BIT_CONVERSION = YES;
				GCC_WARN_ABOUT_RETURN_TYPE = YES_ERROR;
				GCC_WARN_UNDECLARED_SELECTOR = YES;
				GCC_WARN_UNINITIALIZED_AUTOS = YES_AGGRESSIVE;
				GCC_WARN_UNUSED_FUNCTION = YES;
				GCC_WARN_UNUSED_VARIABLE = YES;
				IPHONEOS_DEPLOYMENT_TARGET = 13.2;
				MTL_ENABLE_DEBUG_INFO = NO;
				MTL_FAST_MATH = YES;
				SDKROOT = iphoneos;
				VALIDATE_PRODUCT = YES;
			};
			name = Release;
		};
		40B7E6012422231C00F1F180 /* Debug */ = {
			isa = XCBuildConfiguration;
			buildSettings = {
				ASSETCATALOG_COMPILER_APPICON_NAME = AppIcon;
				CODE_SIGN_ENTITLEMENTS = Y_Kline/Y_Kline.entitlements;
				CODE_SIGN_IDENTITY = "Apple Development";
				"CODE_SIGN_IDENTITY[sdk=macosx*]" = "Apple Development";
				CODE_SIGN_STYLE = Automatic;
				CURRENT_PROJECT_VERSION = 2;
				DEVELOPMENT_TEAM = N3VC6N6JE3;
				INFOPLIST_FILE = Y_Kline/Info.plist;
				IPHONEOS_DEPLOYMENT_TARGET = 10.3;
				LD_RUNPATH_SEARCH_PATHS = (
					"$(inherited)",
					"@executable_path/Frameworks",
				);
				MARKETING_VERSION = 1.0.0;
				PRODUCT_BUNDLE_IDENTIFIER = cn.willkyang.app.test;
				PRODUCT_NAME = "$(TARGET_NAME)";
				PROVISIONING_PROFILE_SPECIFIER = "";
				"PROVISIONING_PROFILE_SPECIFIER[sdk=macosx*]" = "";
				SUPPORTS_MACCATALYST = NO;
				TARGETED_DEVICE_FAMILY = "1,2";
			};
			name = Debug;
		};
		40B7E6022422231C00F1F180 /* Release */ = {
			isa = XCBuildConfiguration;
			buildSettings = {
				ASSETCATALOG_COMPILER_APPICON_NAME = AppIcon;
				CODE_SIGN_ENTITLEMENTS = Y_Kline/Y_Kline.entitlements;
				"CODE_SIGN_IDENTITY[sdk=macosx*]" = "-";
				CODE_SIGN_STYLE = Manual;
				CURRENT_PROJECT_VERSION = 2;
				DEVELOPMENT_TEAM = "";
				INFOPLIST_FILE = Y_Kline/Info.plist;
				IPHONEOS_DEPLOYMENT_TARGET = 10.3;
				LD_RUNPATH_SEARCH_PATHS = (
					"$(inherited)",
					"@executable_path/Frameworks",
				);
				MARKETING_VERSION = 1.0.0;
				PRODUCT_BUNDLE_IDENTIFIER = cn.willkyang.app;
				PRODUCT_NAME = "$(TARGET_NAME)";
				PROVISIONING_PROFILE_SPECIFIER = "";
				"PROVISIONING_PROFILE_SPECIFIER[sdk=macosx*]" = "";
				SUPPORTS_MACCATALYST = NO;
				TARGETED_DEVICE_FAMILY = "1,2";
			};
			name = Release;
		};
/* End XCBuildConfiguration section */

/* Begin XCConfigurationList section */
		40B7E5E22422231700F1F180 /* Build configuration list for PBXProject "Y_Kline" */ = {
			isa = XCConfigurationList;
			buildConfigurations = (
				40B7E5FE2422231C00F1F180 /* Debug */,
				40B7E5FF2422231C00F1F180 /* Release */,
			);
			defaultConfigurationIsVisible = 0;
			defaultConfigurationName = Release;
		};
		40B7E6002422231C00F1F180 /* Build configuration list for PBXNativeTarget "Y_Kline" */ = {
			isa = XCConfigurationList;
			buildConfigurations = (
				40B7E6012422231C00F1F180 /* Debug */,
				40B7E6022422231C00F1F180 /* Release */,
			);
			defaultConfigurationIsVisible = 0;
			defaultConfigurationName = Release;
		};
/* End XCConfigurationList section */
	};
	rootObject = 40B7E5DF2422231700F1F180 /* Project object */;
}
